// !$*UTF8*$!
{
	archiveVersion = 1;
	classes = {
	};
	objectVersion = 46;
	objects = {

/* Begin PBXBuildFile section */
		919444111DD1C5F7CDC1FCF1 /* Pods_vimeoPrueba.framework in Frameworks */ = {isa = PBXBuildFile; fileRef = 8FCF55BFCC5C609A4960ABB5 /* Pods_vimeoPrueba.framework */; };
		AC10A2C31DA290C1006AF558 /* AppDelegate.swift in Sources */ = {isa = PBXBuildFile; fileRef = AC10A2C21DA290C1006AF558 /* AppDelegate.swift */; };
		AC10A2C51DA290C1006AF558 /* ViewController.swift in Sources */ = {isa = PBXBuildFile; fileRef = AC10A2C41DA290C1006AF558 /* ViewController.swift */; };
		AC10A2C81DA290C1006AF558 /* Main.storyboard in Resources */ = {isa = PBXBuildFile; fileRef = AC10A2C61DA290C1006AF558 /* Main.storyboard */; };
		AC10A2CA1DA290C1006AF558 /* Assets.xcassets in Resources */ = {isa = PBXBuildFile; fileRef = AC10A2C91DA290C1006AF558 /* Assets.xcassets */; };
		AC10A2CD1DA290C1006AF558 /* LaunchScreen.storyboard in Resources */ = {isa = PBXBuildFile; fileRef = AC10A2CB1DA290C1006AF558 /* LaunchScreen.storyboard */; };
		AC10A2D81DA290C1006AF558 /* vimeoPruebaTests.swift in Sources */ = {isa = PBXBuildFile; fileRef = AC10A2D71DA290C1006AF558 /* vimeoPruebaTests.swift */; };
		AC10A2E31DA290C1006AF558 /* vimeoPruebaUITests.swift in Sources */ = {isa = PBXBuildFile; fileRef = AC10A2E21DA290C1006AF558 /* vimeoPruebaUITests.swift */; };
		AC10A2F31DA2A124006AF558 /* podFile in Resources */ = {isa = PBXBuildFile; fileRef = AC10A2F21DA2A124006AF558 /* podFile */; };
		AC9D2D111DA2AAA100329A49 /* APIRequest.swift in Sources */ = {isa = PBXBuildFile; fileRef = AC9D2D101DA2AAA100329A49 /* APIRequest.swift */; };
/* End PBXBuildFile section */

/* Begin PBXContainerItemProxy section */
		AC10A2D41DA290C1006AF558 /* PBXContainerItemProxy */ = {
			isa = PBXContainerItemProxy;
			containerPortal = AC10A2B71DA290C0006AF558 /* Project object */;
			proxyType = 1;
			remoteGlobalIDString = AC10A2BE1DA290C0006AF558;
			remoteInfo = vimeoPrueba;
		};
		AC10A2DF1DA290C1006AF558 /* PBXContainerItemProxy */ = {
			isa = PBXContainerItemProxy;
			containerPortal = AC10A2B71DA290C0006AF558 /* Project object */;
			proxyType = 1;
			remoteGlobalIDString = AC10A2BE1DA290C0006AF558;
			remoteInfo = vimeoPrueba;
		};
/* End PBXContainerItemProxy section */

/* Begin PBXFileReference section */
		621F221C9F7BCFD5D0F2D7B3 /* Pods-vimeoPrueba.release.xcconfig */ = {isa = PBXFileReference; includeInIndex = 1; lastKnownFileType = text.xcconfig; name = "Pods-vimeoPrueba.release.xcconfig"; path = "Pods/Target Support Files/Pods-vimeoPrueba/Pods-vimeoPrueba.release.xcconfig"; sourceTree = "<group>"; };
		8FCF55BFCC5C609A4960ABB5 /* Pods_vimeoPrueba.framework */ = {isa = PBXFileReference; explicitFileType = wrapper.framework; includeInIndex = 0; path = Pods_vimeoPrueba.framework; sourceTree = BUILT_PRODUCTS_DIR; };
		AC10A2BF1DA290C1006AF558 /* vimeoPrueba.app */ = {isa = PBXFileReference; explicitFileType = wrapper.application; includeInIndex = 0; path = vimeoPrueba.app; sourceTree = BUILT_PRODUCTS_DIR; };
		AC10A2C21DA290C1006AF558 /* AppDelegate.swift */ = {isa = PBXFileReference; lastKnownFileType = sourcecode.swift; path = AppDelegate.swift; sourceTree = "<group>"; };
		AC10A2C41DA290C1006AF558 /* ViewController.swift */ = {isa = PBXFileReference; lastKnownFileType = sourcecode.swift; path = ViewController.swift; sourceTree = "<group>"; };
		AC10A2C71DA290C1006AF558 /* Base */ = {isa = PBXFileReference; lastKnownFileType = file.storyboard; name = Base; path = Base.lproj/Main.storyboard; sourceTree = "<group>"; };
		AC10A2C91DA290C1006AF558 /* Assets.xcassets */ = {isa = PBXFileReference; lastKnownFileType = folder.assetcatalog; path = Assets.xcassets; sourceTree = "<group>"; };
		AC10A2CC1DA290C1006AF558 /* Base */ = {isa = PBXFileReference; lastKnownFileType = file.storyboard; name = Base; path = Base.lproj/LaunchScreen.storyboard; sourceTree = "<group>"; };
		AC10A2CE1DA290C1006AF558 /* Info.plist */ = {isa = PBXFileReference; lastKnownFileType = text.plist.xml; path = Info.plist; sourceTree = "<group>"; };
		AC10A2D31DA290C1006AF558 /* vimeoPruebaTests.xctest */ = {isa = PBXFileReference; explicitFileType = wrapper.cfbundle; includeInIndex = 0; path = vimeoPruebaTests.xctest; sourceTree = BUILT_PRODUCTS_DIR; };
		AC10A2D71DA290C1006AF558 /* vimeoPruebaTests.swift */ = {isa = PBXFileReference; lastKnownFileType = sourcecode.swift; path = vimeoPruebaTests.swift; sourceTree = "<group>"; };
		AC10A2D91DA290C1006AF558 /* Info.plist */ = {isa = PBXFileReference; lastKnownFileType = text.plist.xml; path = Info.plist; sourceTree = "<group>"; };
		AC10A2DE1DA290C1006AF558 /* vimeoPruebaUITests.xctest */ = {isa = PBXFileReference; explicitFileType = wrapper.cfbundle; includeInIndex = 0; path = vimeoPruebaUITests.xctest; sourceTree = BUILT_PRODUCTS_DIR; };
		AC10A2E21DA290C1006AF558 /* vimeoPruebaUITests.swift */ = {isa = PBXFileReference; lastKnownFileType = sourcecode.swift; path = vimeoPruebaUITests.swift; sourceTree = "<group>"; };
		AC10A2E41DA290C1006AF558 /* Info.plist */ = {isa = PBXFileReference; lastKnownFileType = text.plist.xml; path = Info.plist; sourceTree = "<group>"; };
		AC10A2F21DA2A124006AF558 /* podFile */ = {isa = PBXFileReference; fileEncoding = 4; lastKnownFileType = text; name = podFile; path = ../podFile; sourceTree = "<group>"; };
		AC92A18D1DA2B66500562DFA /* _APIRequest.swift */ = {isa = PBXFileReference; fileEncoding = 4; lastKnownFileType = sourcecode.swift; path = _APIRequest.swift; sourceTree = "<group>"; };
		AC9D2D101DA2AAA100329A49 /* APIRequest.swift */ = {isa = PBXFileReference; fileEncoding = 4; lastKnownFileType = sourcecode.swift; path = APIRequest.swift; sourceTree = "<group>"; };
		B425B5B84853A08B2392D2C9 /* Pods-vimeoPrueba.debug.xcconfig */ = {isa = PBXFileReference; includeInIndex = 1; lastKnownFileType = text.xcconfig; name = "Pods-vimeoPrueba.debug.xcconfig"; path = "Pods/Target Support Files/Pods-vimeoPrueba/Pods-vimeoPrueba.debug.xcconfig"; sourceTree = "<group>"; };
/* End PBXFileReference section */

/* Begin PBXFrameworksBuildPhase section */
		AC10A2BC1DA290C0006AF558 /* Frameworks */ = {
			isa = PBXFrameworksBuildPhase;
			buildActionMask = 2147483647;
			files = (
				919444111DD1C5F7CDC1FCF1 /* Pods_vimeoPrueba.framework in Frameworks */,
			);
			runOnlyForDeploymentPostprocessing = 0;
		};
		AC10A2D01DA290C1006AF558 /* Frameworks */ = {
			isa = PBXFrameworksBuildPhase;
			buildActionMask = 2147483647;
			files = (
			);
			runOnlyForDeploymentPostprocessing = 0;
		};
		AC10A2DB1DA290C1006AF558 /* Frameworks */ = {
			isa = PBXFrameworksBuildPhase;
			buildActionMask = 2147483647;
			files = (
			);
			runOnlyForDeploymentPostprocessing = 0;
		};
/* End PBXFrameworksBuildPhase section */

/* Begin PBXGroup section */
		0618603E84F423A4C59FB2A9 /* Frameworks */ = {
			isa = PBXGroup;
			children = (
				8FCF55BFCC5C609A4960ABB5 /* Pods_vimeoPrueba.framework */,
			);
			name = Frameworks;
			sourceTree = "<group>";
		};
		5A6DD260F388E50397FD62BF /* Pods */ = {
			isa = PBXGroup;
			children = (
				B425B5B84853A08B2392D2C9 /* Pods-vimeoPrueba.debug.xcconfig */,
				621F221C9F7BCFD5D0F2D7B3 /* Pods-vimeoPrueba.release.xcconfig */,
			);
			name = Pods;
			sourceTree = "<group>";
		};
		AC10A2B61DA290C0006AF558 = {
			isa = PBXGroup;
			children = (
				AC10A2C11DA290C1006AF558 /* vimeoPrueba */,
				AC10A2D61DA290C1006AF558 /* vimeoPruebaTests */,
				AC10A2E11DA290C1006AF558 /* vimeoPruebaUITests */,
				AC10A2C01DA290C1006AF558 /* Products */,
				5A6DD260F388E50397FD62BF /* Pods */,
				0618603E84F423A4C59FB2A9 /* Frameworks */,
			);
			sourceTree = "<group>";
		};
		AC10A2C01DA290C1006AF558 /* Products */ = {
			isa = PBXGroup;
			children = (
				AC10A2BF1DA290C1006AF558 /* vimeoPrueba.app */,
				AC10A2D31DA290C1006AF558 /* vimeoPruebaTests.xctest */,
				AC10A2DE1DA290C1006AF558 /* vimeoPruebaUITests.xctest */,
			);
			name = Products;
			sourceTree = "<group>";
		};
		AC10A2C11DA290C1006AF558 /* vimeoPrueba */ = {
			isa = PBXGroup;
			children = (
				AC9D2D0D1DA2A81100329A49 /* API */,
				AC10A2C21DA290C1006AF558 /* AppDelegate.swift */,
				AC10A2C41DA290C1006AF558 /* ViewController.swift */,
				AC10A2C61DA290C1006AF558 /* Main.storyboard */,
				AC10A2C91DA290C1006AF558 /* Assets.xcassets */,
				AC10A2CB1DA290C1006AF558 /* LaunchScreen.storyboard */,
				AC10A2CE1DA290C1006AF558 /* Info.plist */,
				AC10A2F21DA2A124006AF558 /* podFile */,
			);
			path = vimeoPrueba;
			sourceTree = "<group>";
		};
		AC10A2D61DA290C1006AF558 /* vimeoPruebaTests */ = {
			isa = PBXGroup;
			children = (
				AC10A2D71DA290C1006AF558 /* vimeoPruebaTests.swift */,
				AC10A2D91DA290C1006AF558 /* Info.plist */,
			);
			path = vimeoPruebaTests;
			sourceTree = "<group>";
		};
		AC10A2E11DA290C1006AF558 /* vimeoPruebaUITests */ = {
			isa = PBXGroup;
			children = (
				AC10A2E21DA290C1006AF558 /* vimeoPruebaUITests.swift */,
				AC10A2E41DA290C1006AF558 /* Info.plist */,
			);
			path = vimeoPruebaUITests;
			sourceTree = "<group>";
		};
		AC9D2D0D1DA2A81100329A49 /* API */ = {
			isa = PBXGroup;
			children = (
				AC92A18D1DA2B66500562DFA /* _APIRequest.swift */,
				AC9D2D101DA2AAA100329A49 /* APIRequest.swift */,
			);
			name = API;
			sourceTree = "<group>";
		};
/* End PBXGroup section */

/* Begin PBXNativeTarget section */
		AC10A2BE1DA290C0006AF558 /* vimeoPrueba */ = {
			isa = PBXNativeTarget;
			buildConfigurationList = AC10A2E71DA290C1006AF558 /* Build configuration list for PBXNativeTarget "vimeoPrueba" */;
			buildPhases = (
				52A0DD9B1704CA51D0CD5154 /* [CP] Check Pods Manifest.lock */,
				AC10A2BB1DA290C0006AF558 /* Sources */,
				AC10A2BC1DA290C0006AF558 /* Frameworks */,
				AC10A2BD1DA290C0006AF558 /* Resources */,
				9F14B1BDA4F4553BB20ACBD8 /* [CP] Embed Pods Frameworks */,
				9C5082D36999C5CDEFF8861B /* [CP] Copy Pods Resources */,
			);
			buildRules = (
			);
			dependencies = (
			);
			name = vimeoPrueba;
			productName = vimeoPrueba;
			productReference = AC10A2BF1DA290C1006AF558 /* vimeoPrueba.app */;
			productType = "com.apple.product-type.application";
		};
		AC10A2D21DA290C1006AF558 /* vimeoPruebaTests */ = {
			isa = PBXNativeTarget;
			buildConfigurationList = AC10A2EA1DA290C1006AF558 /* Build configuration list for PBXNativeTarget "vimeoPruebaTests" */;
			buildPhases = (
				AC10A2CF1DA290C1006AF558 /* Sources */,
				AC10A2D01DA290C1006AF558 /* Frameworks */,
				AC10A2D11DA290C1006AF558 /* Resources */,
			);
			buildRules = (
			);
			dependencies = (
				AC10A2D51DA290C1006AF558 /* PBXTargetDependency */,
			);
			name = vimeoPruebaTests;
			productName = vimeoPruebaTests;
			productReference = AC10A2D31DA290C1006AF558 /* vimeoPruebaTests.xctest */;
			productType = "com.apple.product-type.bundle.unit-test";
		};
		AC10A2DD1DA290C1006AF558 /* vimeoPruebaUITests */ = {
			isa = PBXNativeTarget;
			buildConfigurationList = AC10A2ED1DA290C1006AF558 /* Build configuration list for PBXNativeTarget "vimeoPruebaUITests" */;
			buildPhases = (
				AC10A2DA1DA290C1006AF558 /* Sources */,
				AC10A2DB1DA290C1006AF558 /* Frameworks */,
				AC10A2DC1DA290C1006AF558 /* Resources */,
			);
			buildRules = (
			);
			dependencies = (
				AC10A2E01DA290C1006AF558 /* PBXTargetDependency */,
			);
			name = vimeoPruebaUITests;
			productName = vimeoPruebaUITests;
			productReference = AC10A2DE1DA290C1006AF558 /* vimeoPruebaUITests.xctest */;
			productType = "com.apple.product-type.bundle.ui-testing";
		};
/* End PBXNativeTarget section */

/* Begin PBXProject section */
		AC10A2B71DA290C0006AF558 /* Project object */ = {
			isa = PBXProject;
			attributes = {
				LastSwiftUpdateCheck = 0800;
				LastUpgradeCheck = 0800;
				ORGANIZATIONNAME = "Juan david Lopera lopez";
				TargetAttributes = {
					AC10A2BE1DA290C0006AF558 = {
						CreatedOnToolsVersion = 8.0;
						LastSwiftMigration = 0800;
						ProvisioningStyle = Automatic;
					};
					AC10A2D21DA290C1006AF558 = {
						CreatedOnToolsVersion = 8.0;
						LastSwiftMigration = 0800;
						ProvisioningStyle = Automatic;
						TestTargetID = AC10A2BE1DA290C0006AF558;
					};
					AC10A2DD1DA290C1006AF558 = {
						CreatedOnToolsVersion = 8.0;
						LastSwiftMigration = 0800;
						ProvisioningStyle = Automatic;
						TestTargetID = AC10A2BE1DA290C0006AF558;
					};
				};
			};
			buildConfigurationList = AC10A2BA1DA290C0006AF558 /* Build configuration list for PBXProject "vimeoPrueba" */;
			compatibilityVersion = "Xcode 3.2";
			developmentRegion = English;
			hasScannedForEncodings = 0;
			knownRegions = (
				en,
				Base,
			);
			mainGroup = AC10A2B61DA290C0006AF558;
			productRefGroup = AC10A2C01DA290C1006AF558 /* Products */;
			projectDirPath = "";
			projectRoot = "";
			targets = (
				AC10A2BE1DA290C0006AF558 /* vimeoPrueba */,
				AC10A2D21DA290C1006AF558 /* vimeoPruebaTests */,
				AC10A2DD1DA290C1006AF558 /* vimeoPruebaUITests */,
			);
		};
/* End PBXProject section */

/* Begin PBXResourcesBuildPhase section */
		AC10A2BD1DA290C0006AF558 /* Resources */ = {
			isa = PBXResourcesBuildPhase;
			buildActionMask = 2147483647;
			files = (
				AC10A2CD1DA290C1006AF558 /* LaunchScreen.storyboard in Resources */,
				AC10A2CA1DA290C1006AF558 /* Assets.xcassets in Resources */,
				AC10A2F31DA2A124006AF558 /* podFile in Resources */,
				AC10A2C81DA290C1006AF558 /* Main.storyboard in Resources */,
			);
			runOnlyForDeploymentPostprocessing = 0;
		};
		AC10A2D11DA290C1006AF558 /* Resources */ = {
			isa = PBXResourcesBuildPhase;
			buildActionMask = 2147483647;
			files = (
			);
			runOnlyForDeploymentPostprocessing = 0;
		};
		AC10A2DC1DA290C1006AF558 /* Resources */ = {
			isa = PBXResourcesBuildPhase;
			buildActionMask = 2147483647;
			files = (
			);
			runOnlyForDeploymentPostprocessing = 0;
		};
/* End PBXResourcesBuildPhase section */

/* Begin PBXShellScriptBuildPhase section */
		52A0DD9B1704CA51D0CD5154 /* [CP] Check Pods Manifest.lock */ = {
			isa = PBXShellScriptBuildPhase;
			buildActionMask = 2147483647;
			files = (
			);
			inputPaths = (
			);
			name = "[CP] Check Pods Manifest.lock";
			outputPaths = (
			);
			runOnlyForDeploymentPostprocessing = 0;
			shellPath = /bin/sh;
			shellScript = "diff \"${PODS_ROOT}/../Podfile.lock\" \"${PODS_ROOT}/Manifest.lock\" > /dev/null\nif [[ $? != 0 ]] ; then\n    cat << EOM\nerror: The sandbox is not in sync with the Podfile.lock. Run 'pod install' or update your CocoaPods installation.\nEOM\n    exit 1\nfi\n";
			showEnvVarsInLog = 0;
		};
		9C5082D36999C5CDEFF8861B /* [CP] Copy Pods Resources */ = {
			isa = PBXShellScriptBuildPhase;
			buildActionMask = 2147483647;
			files = (
			);
			inputPaths = (
			);
			name = "[CP] Copy Pods Resources";
			outputPaths = (
			);
			runOnlyForDeploymentPostprocessing = 0;
			shellPath = /bin/sh;
			shellScript = "\"${SRCROOT}/Pods/Target Support Files/Pods-vimeoPrueba/Pods-vimeoPrueba-resources.sh\"\n";
			showEnvVarsInLog = 0;
		};
		9F14B1BDA4F4553BB20ACBD8 /* [CP] Embed Pods Frameworks */ = {
			isa = PBXShellScriptBuildPhase;
			buildActionMask = 2147483647;
			files = (
			);
			inputPaths = (
			);
			name = "[CP] Embed Pods Frameworks";
			outputPaths = (
			);
			runOnlyForDeploymentPostprocessing = 0;
			shellPath = /bin/sh;
			shellScript = "\"${SRCROOT}/Pods/Target Support Files/Pods-vimeoPrueba/Pods-vimeoPrueba-frameworks.sh\"\n";
			showEnvVarsInLog = 0;
		};
/* End PBXShellScriptBuildPhase section */

/* Begin PBXSourcesBuildPhase section */
		AC10A2BB1DA290C0006AF558 /* Sources */ = {
			isa = PBXSourcesBuildPhase;
			buildActionMask = 2147483647;
			files = (
				AC10A2C51DA290C1006AF558 /* ViewController.swift in Sources */,
				AC9D2D111DA2AAA100329A49 /* APIRequest.swift in Sources */,
				AC10A2C31DA290C1006AF558 /* AppDelegate.swift in Sources */,
			);
			runOnlyForDeploymentPostprocessing = 0;
		};
		AC10A2CF1DA290C1006AF558 /* Sources */ = {
			isa = PBXSourcesBuildPhase;
			buildActionMask = 2147483647;
			files = (
				AC10A2D81DA290C1006AF558 /* vimeoPruebaTests.swift in Sources */,
			);
			runOnlyForDeploymentPostprocessing = 0;
		};
		AC10A2DA1DA290C1006AF558 /* Sources */ = {
			isa = PBXSourcesBuildPhase;
			buildActionMask = 2147483647;
			files = (
				AC10A2E31DA290C1006AF558 /* vimeoPruebaUITests.swift in Sources */,
			);
			runOnlyForDeploymentPostprocessing = 0;
		};
/* End PBXSourcesBuildPhase section */

/* Begin PBXTargetDependency section */
		AC10A2D51DA290C1006AF558 /* PBXTargetDependency */ = {
			isa = PBXTargetDependency;
			target = AC10A2BE1DA290C0006AF558 /* vimeoPrueba */;
			targetProxy = AC10A2D41DA290C1006AF558 /* PBXContainerItemProxy */;
		};
		AC10A2E01DA290C1006AF558 /* PBXTargetDependency */ = {
			isa = PBXTargetDependency;
			target = AC10A2BE1DA290C0006AF558 /* vimeoPrueba */;
			targetProxy = AC10A2DF1DA290C1006AF558 /* PBXContainerItemProxy */;
		};
/* End PBXTargetDependency section */

/* Begin PBXVariantGroup section */
		AC10A2C61DA290C1006AF558 /* Main.storyboard */ = {
			isa = PBXVariantGroup;
			children = (
				AC10A2C71DA290C1006AF558 /* Base */,
			);
			name = Main.storyboard;
			sourceTree = "<group>";
		};
		AC10A2CB1DA290C1006AF558 /* LaunchScreen.storyboard */ = {
			isa = PBXVariantGroup;
			children = (
				AC10A2CC1DA290C1006AF558 /* Base */,
			);
			name = LaunchScreen.storyboard;
			sourceTree = "<group>";
		};
/* End PBXVariantGroup section */

/* Begin XCBuildConfiguration section */
		AC10A2E51DA290C1006AF558 /* Debug */ = {
			isa = XCBuildConfiguration;
			buildSettings = {
				ALWAYS_SEARCH_USER_PATHS = NO;
				CLANG_ANALYZER_NONNULL = YES;
				CLANG_CXX_LANGUAGE_STANDARD = "gnu++0x";
				CLANG_CXX_LIBRARY = "libc++";
				CLANG_ENABLE_MODULES = YES;
				CLANG_ENABLE_OBJC_ARC = YES;
				CLANG_WARN_BOOL_CONVERSION = YES;
				CLANG_WARN_CONSTANT_CONVERSION = YES;
				CLANG_WARN_DIRECT_OBJC_ISA_USAGE = YES_ERROR;
				CLANG_WARN_DOCUMENTATION_COMMENTS = YES;
				CLANG_WARN_EMPTY_BODY = YES;
				CLANG_WARN_ENUM_CONVERSION = YES;
				CLANG_WARN_INFINITE_RECURSION = YES;
				CLANG_WARN_INT_CONVERSION = YES;
				CLANG_WARN_OBJC_ROOT_CLASS = YES_ERROR;
				CLANG_WARN_SUSPICIOUS_MOVES = YES;
				CLANG_WARN_UNREACHABLE_CODE = YES;
				CLANG_WARN__DUPLICATE_METHOD_MATCH = YES;
				"CODE_SIGN_IDENTITY[sdk=iphoneos*]" = "iPhone Developer";
				COPY_PHASE_STRIP = NO;
				DEBUG_INFORMATION_FORMAT = dwarf;
				ENABLE_STRICT_OBJC_MSGSEND = YES;
				ENABLE_TESTABILITY = YES;
				GCC_C_LANGUAGE_STANDARD = gnu99;
				GCC_DYNAMIC_NO_PIC = NO;
				GCC_NO_COMMON_BLOCKS = YES;
				GCC_OPTIMIZATION_LEVEL = 0;
				GCC_PREPROCESSOR_DEFINITIONS = (
					"DEBUG=1",
					"$(inherited)",
				);
				GCC_WARN_64_TO_32_BIT_CONVERSION = YES;
				GCC_WARN_ABOUT_RETURN_TYPE = YES_ERROR;
				GCC_WARN_UNDECLARED_SELECTOR = YES;
				GCC_WARN_UNINITIALIZED_AUTOS = YES_AGGRESSIVE;
				GCC_WARN_UNUSED_FUNCTION = YES;
				GCC_WARN_UNUSED_VARIABLE = YES;
				IPHONEOS_DEPLOYMENT_TARGET = 10.0;
				MTL_ENABLE_DEBUG_INFO = YES;
				ONLY_ACTIVE_ARCH = YES;
				SDKROOT = iphoneos;
				SWIFT_ACTIVE_COMPILATION_CONDITIONS = DEBUG;
				SWIFT_OPTIMIZATION_LEVEL = "-Onone";
			};
			name = Debug;
		};
		AC10A2E61DA290C1006AF558 /* Release */ = {
			isa = XCBuildConfiguration;
			buildSettings = {
				ALWAYS_SEARCH_USER_PATHS = NO;
				CLANG_ANALYZER_NONNULL = YES;
				CLANG_CXX_LANGUAGE_STANDARD = "gnu++0x";
				CLANG_CXX_LIBRARY = "libc++";
				CLANG_ENABLE_MODULES = YES;
				CLANG_ENABLE_OBJC_ARC = YES;
				CLANG_WARN_BOOL_CONVERSION = YES;
				CLANG_WARN_CONSTANT_CONVERSION = YES;
				CLANG_WARN_DIRECT_OBJC_ISA_USAGE = YES_ERROR;
				CLANG_WARN_DOCUMENTATION_COMMENTS = YES;
				CLANG_WARN_EMPTY_BODY = YES;
				CLANG_WARN_ENUM_CONVERSION = YES;
				CLANG_WARN_INFINITE_RECURSION = YES;
				CLANG_WARN_INT_CONVERSION = YES;
				CLANG_WARN_OBJC_ROOT_CLASS = YES_ERROR;
				CLANG_WARN_SUSPICIOUS_MOVES = YES;
				CLANG_WARN_UNREACHABLE_CODE = YES;
				CLANG_WARN__DUPLICATE_METHOD_MATCH = YES;
				"CODE_SIGN_IDENTITY[sdk=iphoneos*]" = "iPhone Developer";
				COPY_PHASE_STRIP = NO;
				DEBUG_INFORMATION_FORMAT = "dwarf-with-dsym";
				ENABLE_NS_ASSERTIONS = NO;
				ENABLE_STRICT_OBJC_MSGSEND = YES;
				GCC_C_LANGUAGE_STANDARD = gnu99;
				GCC_NO_COMMON_BLOCKS = YES;
				GCC_WARN_64_TO_32_BIT_CONVERSION = YES;
				GCC_WARN_ABOUT_RETURN_TYPE = YES_ERROR;
				GCC_WARN_UNDECLARED_SELECTOR = YES;
				GCC_WARN_UNINITIALIZED_AUTOS = YES_AGGRESSIVE;
				GCC_WARN_UNUSED_FUNCTION = YES;
				GCC_WARN_UNUSED_VARIABLE = YES;
				IPHONEOS_DEPLOYMENT_TARGET = 10.0;
				MTL_ENABLE_DEBUG_INFO = NO;
				SDKROOT = iphoneos;
				SWIFT_OPTIMIZATION_LEVEL = "-Owholemodule";
				VALIDATE_PRODUCT = YES;
			};
			name = Release;
		};
		AC10A2E81DA290C1006AF558 /* Debug */ = {
			isa = XCBuildConfiguration;
			baseConfigurationReference = B425B5B84853A08B2392D2C9 /* Pods-vimeoPrueba.debug.xcconfig */;
			buildSettings = {
				ASSETCATALOG_COMPILER_APPICON_NAME = AppIcon;
				INFOPLIST_FILE = vimeoPrueba/Info.plist;
				LD_RUNPATH_SEARCH_PATHS = "$(inherited) @executable_path/Frameworks";
				PRODUCT_BUNDLE_IDENTIFIER = bwStudios.vimeoPrueba;
				PRODUCT_NAME = "$(TARGET_NAME)";
				SWIFT_VERSION = 3.0;
			};
			name = Debug;
		};
		AC10A2E91DA290C1006AF558 /* Release */ = {
			isa = XCBuildConfiguration;
			baseConfigurationReference = 621F221C9F7BCFD5D0F2D7B3 /* Pods-vimeoPrueba.release.xcconfig */;
			buildSettings = {
				ASSETCATALOG_COMPILER_APPICON_NAME = AppIcon;
				INFOPLIST_FILE = vimeoPrueba/Info.plist;
				LD_RUNPATH_SEARCH_PATHS = "$(inherited) @executable_path/Frameworks";
				PRODUCT_BUNDLE_IDENTIFIER = bwStudios.vimeoPrueba;
				PRODUCT_NAME = "$(TARGET_NAME)";
				SWIFT_VERSION = 3.0;
			};
			name = Release;
		};
		AC10A2EB1DA290C1006AF558 /* Debug */ = {
			isa = XCBuildConfiguration;
			buildSettings = {
				ALWAYS_EMBED_SWIFT_STANDARD_LIBRARIES = YES;
				BUNDLE_LOADER = "$(TEST_HOST)";
				INFOPLIST_FILE = vimeoPruebaTests/Info.plist;
				LD_RUNPATH_SEARCH_PATHS = "$(inherited) @executable_path/Frameworks @loader_path/Frameworks";
				PRODUCT_BUNDLE_IDENTIFIER = bwStudios.vimeoPruebaTests;
				PRODUCT_NAME = "$(TARGET_NAME)";
				SWIFT_VERSION = 3.0;
				TEST_HOST = "$(BUILT_PRODUCTS_DIR)/vimeoPrueba.app/vimeoPrueba";
			};
			name = Debug;
		};
		AC10A2EC1DA290C1006AF558 /* Release */ = {
			isa = XCBuildConfiguration;
			buildSettings = {
				ALWAYS_EMBED_SWIFT_STANDARD_LIBRARIES = YES;
				BUNDLE_LOADER = "$(TEST_HOST)";
				INFOPLIST_FILE = vimeoPruebaTests/Info.plist;
				LD_RUNPATH_SEARCH_PATHS = "$(inherited) @executable_path/Frameworks @loader_path/Frameworks";
				PRODUCT_BUNDLE_IDENTIFIER = bwStudios.vimeoPruebaTests;
				PRODUCT_NAME = "$(TARGET_NAME)";
				SWIFT_VERSION = 3.0;
				TEST_HOST = "$(BUILT_PRODUCTS_DIR)/vimeoPrueba.app/vimeoPrueba";
			};
			name = Release;
		};
		AC10A2EE1DA290C1006AF558 /* Debug */ = {
			isa = XCBuildConfiguration;
			buildSettings = {
				ALWAYS_EMBED_SWIFT_STANDARD_LIBRARIES = YES;
				INFOPLIST_FILE = vimeoPruebaUITests/Info.plist;
				LD_RUNPATH_SEARCH_PATHS = "$(inherited) @executable_path/Frameworks @loader_path/Frameworks";
				PRODUCT_BUNDLE_IDENTIFIER = bwStudios.vimeoPruebaUITests;
				PRODUCT_NAME = "$(TARGET_NAME)";
				SWIFT_VERSION = 3.0;
				TEST_TARGET_NAME = vimeoPrueba;
			};
			name = Debug;
		};
		AC10A2EF1DA290C1006AF558 /* Release */ = {
			isa = XCBuildConfiguration;
			buildSettings = {
				ALWAYS_EMBED_SWIFT_STANDARD_LIBRARIES = YES;
				INFOPLIST_FILE = vimeoPruebaUITests/Info.plist;
				LD_RUNPATH_SEARCH_PATHS = "$(inherited) @executable_path/Frameworks @loader_path/Frameworks";
				PRODUCT_BUNDLE_IDENTIFIER = bwStudios.vimeoPruebaUITests;
				PRODUCT_NAME = "$(TARGET_NAME)";
				SWIFT_VERSION = 3.0;
				TEST_TARGET_NAME = vimeoPrueba;
			};
			name = Release;
		};
/* End XCBuildConfiguration section */

/* Begin XCConfigurationList section */
		AC10A2BA1DA290C0006AF558 /* Build configuration list for PBXProject "vimeoPrueba" */ = {
			isa = XCConfigurationList;
			buildConfigurations = (
				AC10A2E51DA290C1006AF558 /* Debug */,
				AC10A2E61DA290C1006AF558 /* Release */,
			);
			defaultConfigurationIsVisible = 0;
			defaultConfigurationName = Release;
		};
		AC10A2E71DA290C1006AF558 /* Build configuration list for PBXNativeTarget "vimeoPrueba" */ = {
			isa = XCConfigurationList;
			buildConfigurations = (
				AC10A2E81DA290C1006AF558 /* Debug */,
				AC10A2E91DA290C1006AF558 /* Release */,
			);
			defaultConfigurationIsVisible = 0;
			defaultConfigurationName = Release;
		};
		AC10A2EA1DA290C1006AF558 /* Build configuration list for PBXNativeTarget "vimeoPruebaTests" */ = {
			isa = XCConfigurationList;
			buildConfigurations = (
				AC10A2EB1DA290C1006AF558 /* Debug */,
				AC10A2EC1DA290C1006AF558 /* Release */,
			);
			defaultConfigurationIsVisible = 0;
			defaultConfigurationName = Release;
		};
		AC10A2ED1DA290C1006AF558 /* Build configuration list for PBXNativeTarget "vimeoPruebaUITests" */ = {
			isa = XCConfigurationList;
			buildConfigurations = (
				AC10A2EE1DA290C1006AF558 /* Debug */,
				AC10A2EF1DA290C1006AF558 /* Release */,
			);
			defaultConfigurationIsVisible = 0;
			defaultConfigurationName = Release;
		};
/* End XCConfigurationList section */
	};
	rootObject = AC10A2B71DA290C0006AF558 /* Project object */;
}
